
Microsoft Visual Studio Solution File, Format Version 12.00
# Visual Studio 15
VisualStudioVersion = 15.0.26730.12
MinimumVisualStudioVersion = 10.0.40219.1
Project("{FAE04EC0-301F-11D3-BF4B-00C04F79EFBC}") = "AsyncNameConvensionFixers", "AsyncNameConvensionFixers\AsyncNameConvensionFixers\AsyncNameConvensionFixers.csproj", "{46972DEC-8073-42C7-BD93-7E621AB11E46}"
EndProject
Project("{FAE04EC0-301F-11D3-BF4B-00C04F79EFBC}") = "AsyncNameConvensionFixers.Test", "AsyncNameConvensionFixers\AsyncNameConvensionFixers.Test\AsyncNameConvensionFixers.Test.csproj", "{384D1677-874F-4DA3-956B-882C90BE0A46}"
EndProject
Project("{FAE04EC0-301F-11D3-BF4B-00C04F79EFBC}") = "AsyncNameConvensionFixers.Vsix", "AsyncNameConvensionFixers\AsyncNameConvensionFixers.Vsix\AsyncNameConvensionFixers.Vsix.csproj", "{F33A3AC4-3568-49A2-9DFD-9FC77657BACB}"
EndProject
Global
	GlobalSection(SolutionConfigurationPlatforms) = preSolution
		Debug|Any CPU = Debug|Any CPU
		Release|Any CPU = Release|Any CPU
	EndGlobalSection
	GlobalSection(ProjectConfigurationPlatforms) = postSolution
		{46972DEC-8073-42C7-BD93-7E621AB11E46}.Debug|Any CPU.ActiveCfg = Debug|Any CPU
		{46972DEC-8073-42C7-BD93-7E621AB11E46}.Debug|Any CPU.Build.0 = Debug|Any CPU
		{46972DEC-8073-42C7-BD93-7E621AB11E46}.Release|Any CPU.ActiveCfg = Release|Any CPU
		{46972DEC-8073-42C7-BD93-7E621AB11E46}.Release|Any CPU.Build.0 = Release|Any CPU
		{384D1677-874F-4DA3-956B-882C90BE0A46}.Debug|Any CPU.ActiveCfg = Debug|Any CPU
		{384D1677-874F-4DA3-956B-882C90BE0A46}.Debug|Any CPU.Build.0 = Debug|Any CPU
		{384D1677-874F-4DA3-956B-882C90BE0A46}.Release|Any CPU.ActiveCfg = Release|Any CPU
		{384D1677-874F-4DA3-956B-882C90BE0A46}.Release|Any CPU.Build.0 = Release|Any CPU
		{F33A3AC4-3568-49A2-9DFD-9FC77657BACB}.Debug|Any CPU.ActiveCfg = Debug|Any CPU
		{F33A3AC4-3568-49A2-9DFD-9FC77657BACB}.Debug|Any CPU.Build.0 = Debug|Any CPU
		{F33A3AC4-3568-49A2-9DFD-9FC77657BACB}.Release|Any CPU.ActiveCfg = Release|Any CPU
		{F33A3AC4-3568-49A2-9DFD-9FC77657BACB}.Release|Any CPU.Build.0 = Release|Any CPU
	EndGlobalSection
	GlobalSection(SolutionProperties) = preSolution
		HideSolutionNode = FALSE
	EndGlobalSection
	GlobalSection(ExtensibilityGlobals) = postSolution
		SolutionGuid = {8281C828-5DC1-41E3-84A9-607894EB5AB6}
	EndGlobalSection
EndGlobal
